// !$*UTF8*$!
{
	archiveVersion = 1;
	classes = {
	};
	objectVersion = 50;
	objects = {

/* Begin PBXBuildFile section */
		02EB2FF5C9148635390EB6C7 /* libPods-MPCameraTests.a in Frameworks */ = {isa = PBXBuildFile; fileRef = 71B21CC3D9E5E8593BBE752C /* libPods-MPCameraTests.a */; };
		0668AD8CEE8AF521F2516885 /* libPods-MPCamera.a in Frameworks */ = {isa = PBXBuildFile; fileRef = 8E8AEC4CBA3E95DE6FA1C73B /* libPods-MPCamera.a */; };
		A233DACD2354136C005BB700 /* MPCapturingButton.m in Sources */ = {isa = PBXBuildFile; fileRef = A233DACC2354136C005BB700 /* MPCapturingButton.m */; };
		A233DAD023541756005BB700 /* MPPhotoResultViewController.m in Sources */ = {isa = PBXBuildFile; fileRef = A233DACF23541756005BB700 /* MPPhotoResultViewController.m */; };
		A233DAD323544FD0005BB700 /* MPCameraTopView.m in Sources */ = {isa = PBXBuildFile; fileRef = A233DAD223544FD0005BB700 /* MPCameraTopView.m */; };
		A24BD7CF2356B79B00D8F4D4 /* MPFileHelper.m in Sources */ = {isa = PBXBuildFile; fileRef = A24BD7CE2356B79B00D8F4D4 /* MPFileHelper.m */; };
		A24F614E23555D24001D3A50 /* MPCapturingModeSwitchView.m in Sources */ = {isa = PBXBuildFile; fileRef = A24F614D23555D24001D3A50 /* MPCapturingModeSwitchView.m */; };
		A24F6151235566CE001D3A50 /* MPCamerVideoTimeLabel.m in Sources */ = {isa = PBXBuildFile; fileRef = A24F6150235566CE001D3A50 /* MPCamerVideoTimeLabel.m */; };
		A24F615423557583001D3A50 /* MPVideoModel.m in Sources */ = {isa = PBXBuildFile; fileRef = A24F615323557583001D3A50 /* MPVideoModel.m */; };
		A2536A0D23507FE90059E814 /* AppDelegate.m in Sources */ = {isa = PBXBuildFile; fileRef = A2536A0C23507FE90059E814 /* AppDelegate.m */; };
		A2536A1023507FE90059E814 /* SceneDelegate.m in Sources */ = {isa = PBXBuildFile; fileRef = A2536A0F23507FE90059E814 /* SceneDelegate.m */; };
		A2536A1823507FE90059E814 /* Assets.xcassets in Resources */ = {isa = PBXBuildFile; fileRef = A2536A1723507FE90059E814 /* Assets.xcassets */; };
		A2536A1B23507FE90059E814 /* LaunchScreen.storyboard in Resources */ = {isa = PBXBuildFile; fileRef = A2536A1923507FE90059E814 /* LaunchScreen.storyboard */; };
		A2536A1E23507FE90059E814 /* main.m in Sources */ = {isa = PBXBuildFile; fileRef = A2536A1D23507FE90059E814 /* main.m */; };
		A2536A2823507FE90059E814 /* MPCameraTests.m in Sources */ = {isa = PBXBuildFile; fileRef = A2536A2723507FE90059E814 /* MPCameraTests.m */; };
		A2536A3323507FE90059E814 /* MPCameraUITests.m in Sources */ = {isa = PBXBuildFile; fileRef = A2536A3223507FE90059E814 /* MPCameraUITests.m */; };
		A2536A4D2350865E0059E814 /* DefineFilterMaterials.plist in Resources */ = {isa = PBXBuildFile; fileRef = A2536A472350865E0059E814 /* DefineFilterMaterials.plist */; };
		A2536A4E2350865E0059E814 /* DefaultFilterMaterials.plist in Resources */ = {isa = PBXBuildFile; fileRef = A2536A482350865E0059E814 /* DefaultFilterMaterials.plist */; };
		A2536A4F2350865E0059E814 /* samperTeture2.jpg in Resources */ = {isa = PBXBuildFile; fileRef = A2536A4A2350865E0059E814 /* samperTeture2.jpg */; };
		A2536A502350865E0059E814 /* samperTeture.jpg in Resources */ = {isa = PBXBuildFile; fileRef = A2536A4B2350865E0059E814 /* samperTeture.jpg */; };
		A2536A53235088AF0059E814 /* MPCameraViewController.m in Sources */ = {isa = PBXBuildFile; fileRef = A2536A52235088AF0059E814 /* MPCameraViewController.m */; };
		A26BCDDA23517D6600395683 /* MPCameraManager.m in Sources */ = {isa = PBXBuildFile; fileRef = A26BCDD923517D6600395683 /* MPCameraManager.m */; };
		A26BCDE7235181B600395683 /* UIDevice+Extention.m in Sources */ = {isa = PBXBuildFile; fileRef = A26BCDDF235181B500395683 /* UIDevice+Extention.m */; };
		A26BCDE8235181B600395683 /* GPUImageMovieWriter+BugFix.m in Sources */ = {isa = PBXBuildFile; fileRef = A26BCDE0235181B500395683 /* GPUImageMovieWriter+BugFix.m */; };
		A26BCDE9235181B600395683 /* UIButton+Extention.m in Sources */ = {isa = PBXBuildFile; fileRef = A26BCDE3235181B600395683 /* UIButton+Extention.m */; };
		A26BCDEA235181B600395683 /* UIView+Extention.m in Sources */ = {isa = PBXBuildFile; fileRef = A26BCDE6235181B600395683 /* UIView+Extention.m */; };
		A26BCDED2351829F00395683 /* CCGPUImageMovieWriter.m in Sources */ = {isa = PBXBuildFile; fileRef = A26BCDEC2351829F00395683 /* CCGPUImageMovieWriter.m */; };
		A26BCDF02351A4D900395683 /* MPFilterHandler.m in Sources */ = {isa = PBXBuildFile; fileRef = A26BCDEF2351A4D900395683 /* MPFilterHandler.m */; };
		A272DC99235803D400E7DB9A /* MPFilterMaterialModel.m in Sources */ = {isa = PBXBuildFile; fileRef = A272DC98235803D400E7DB9A /* MPFilterMaterialModel.m */; };
		A272DC9C23580EC300E7DB9A /* MPFilterManager.m in Sources */ = {isa = PBXBuildFile; fileRef = A272DC9B23580EC300E7DB9A /* MPFilterManager.m */; };
		A272DCA123581D8F00E7DB9A /* MPGPUUIImageBaseFilter.m in Sources */ = {isa = PBXBuildFile; fileRef = A272DCA023581D8F00E7DB9A /* MPGPUUIImageBaseFilter.m */; };
		A272DCC623581E8F00E7DB9A /* CCGPUImageSplitScreen6Filter.m in Sources */ = {isa = PBXBuildFile; fileRef = A272DCA223581E8C00E7DB9A /* CCGPUImageSplitScreen6Filter.m */; };
		A272DCC723581E8F00E7DB9A /* CCGPUImageScaleFilter.m in Sources */ = {isa = PBXBuildFile; fileRef = A272DCA523581E8D00E7DB9A /* CCGPUImageScaleFilter.m */; };
		A272DCC823581E8F00E7DB9A /* CCGPUImageReversalFilter.m in Sources */ = {isa = PBXBuildFile; fileRef = A272DCA623581E8D00E7DB9A /* CCGPUImageReversalFilter.m */; };
		A272DCC923581E8F00E7DB9A /* CCGPUImageCirlceFilter.m in Sources */ = {isa = PBXBuildFile; fileRef = A272DCA823581E8D00E7DB9A /* CCGPUImageCirlceFilter.m */; };
		A272DCCA23581E8F00E7DB9A /* CCGPUImageSplitScreen2Filter.m in Sources */ = {isa = PBXBuildFile; fileRef = A272DCAE23581E8D00E7DB9A /* CCGPUImageSplitScreen2Filter.m */; };
		A272DCCB23581E8F00E7DB9A /* CCGPUImageMosaicFilter.m in Sources */ = {isa = PBXBuildFile; fileRef = A272DCAF23581E8D00E7DB9A /* CCGPUImageMosaicFilter.m */; };
		A272DCCC23581E8F00E7DB9A /* CCGPUImageSplitScreen3Filter.m in Sources */ = {isa = PBXBuildFile; fileRef = A272DCB023581E8D00E7DB9A /* CCGPUImageSplitScreen3Filter.m */; };
		A272DCCD23581E8F00E7DB9A /* CCGPUImageSplitScreen4Filter.m in Sources */ = {isa = PBXBuildFile; fileRef = A272DCB123581E8D00E7DB9A /* CCGPUImageSplitScreen4Filter.m */; };
		A272DCCE23581E8F00E7DB9A /* CCGPUImageGlitchFilter.m in Sources */ = {isa = PBXBuildFile; fileRef = A272DCB423581E8E00E7DB9A /* CCGPUImageGlitchFilter.m */; };
		A272DCCF23581E8F00E7DB9A /* CCGPUImageSplitScreen9Filter.m in Sources */ = {isa = PBXBuildFile; fileRef = A272DCB523581E8E00E7DB9A /* CCGPUImageSplitScreen9Filter.m */; };
		A272DCD023581E8F00E7DB9A /* CCGPUImageShineWhiteFilter.m in Sources */ = {isa = PBXBuildFile; fileRef = A272DCB723581E8E00E7DB9A /* CCGPUImageShineWhiteFilter.m */; };
		A272DCD123581E8F00E7DB9A /* CCGPUImageSoulOutFilter.m in Sources */ = {isa = PBXBuildFile; fileRef = A272DCBA23581E8E00E7DB9A /* CCGPUImageSoulOutFilter.m */; };
		A272DCD223581E8F00E7DB9A /* CCGPUImageVertigoFilter.m in Sources */ = {isa = PBXBuildFile; fileRef = A272DCBC23581E8E00E7DB9A /* CCGPUImageVertigoFilter.m */; };
		A272DCD323581E8F00E7DB9A /* CCGPUImageGrayFilter.m in Sources */ = {isa = PBXBuildFile; fileRef = A272DCBD23581E8E00E7DB9A /* CCGPUImageGrayFilter.m */; };
		A272DCD423581E8F00E7DB9A /* CCGPUImageShakeFilter.m in Sources */ = {isa = PBXBuildFile; fileRef = A272DCC023581E8E00E7DB9A /* CCGPUImageShakeFilter.m */; };
		A272DCD523581E8F00E7DB9A /* CCGPUImageLightFilter.m in Sources */ = {isa = PBXBuildFile; fileRef = A272DCC123581E8E00E7DB9A /* CCGPUImageLightFilter.m */; };
		A272DCD623581E8F00E7DB9A /* CCGPUImageTriangularMosaicFilter.m in Sources */ = {isa = PBXBuildFile; fileRef = A272DCC323581E8F00E7DB9A /* CCGPUImageTriangularMosaicFilter.m */; };
		A272DCD723581E8F00E7DB9A /* CCGPUImageHexagonMosaicFilter.m in Sources */ = {isa = PBXBuildFile; fileRef = A272DCC523581E8F00E7DB9A /* CCGPUImageHexagonMosaicFilter.m */; };
		A2A202962356E95100EAAC06 /* MPVideoResultViewController.m in Sources */ = {isa = PBXBuildFile; fileRef = A2A202952356E95100EAAC06 /* MPVideoResultViewController.m */; };
		A2A202992356EA1100EAAC06 /* MPAssetHelper.m in Sources */ = {isa = PBXBuildFile; fileRef = A2A202982356EA1100EAAC06 /* MPAssetHelper.m */; };
		A2A2029C23571FCB00EAAC06 /* MPFilterBarView.m in Sources */ = {isa = PBXBuildFile; fileRef = A2A2029B23571FCB00EAAC06 /* MPFilterBarView.m */; };
		A2A2029F2357231C00EAAC06 /* MPFilterCategoryView.m in Sources */ = {isa = PBXBuildFile; fileRef = A2A2029E2357231C00EAAC06 /* MPFilterCategoryView.m */; };
		A2A202A22357233C00EAAC06 /* MPFilterMaterialView.m in Sources */ = {isa = PBXBuildFile; fileRef = A2A202A12357233C00EAAC06 /* MPFilterMaterialView.m */; };
		A2A202A523572AB200EAAC06 /* MPFilterCategoryCell.m in Sources */ = {isa = PBXBuildFile; fileRef = A2A202A423572AB200EAAC06 /* MPFilterCategoryCell.m */; };
		A2A202A823572AEF00EAAC06 /* MPFilterMaterialViewCell.m in Sources */ = {isa = PBXBuildFile; fileRef = A2A202A723572AEF00EAAC06 /* MPFilterMaterialViewCell.m */; };
		FE3C203913EED8050F6E48FA /* libPods-MPCameraUITests.a in Frameworks */ = {isa = PBXBuildFile; fileRef = 2BF2B660C99F9EEBD087350F /* libPods-MPCameraUITests.a */; };
/* End PBXBuildFile section */

/* Begin PBXContainerItemProxy section */
		A2536A2423507FE90059E814 /* PBXContainerItemProxy */ = {
			isa = PBXContainerItemProxy;
			containerPortal = A2536A0023507FE90059E814 /* Project object */;
			proxyType = 1;
			remoteGlobalIDString = A2536A0723507FE90059E814;
			remoteInfo = MPCamera;
		};
		A2536A2F23507FE90059E814 /* PBXContainerItemProxy */ = {
			isa = PBXContainerItemProxy;
			containerPortal = A2536A0023507FE90059E814 /* Project object */;
			proxyType = 1;
			remoteGlobalIDString = A2536A0723507FE90059E814;
			remoteInfo = MPCamera;
		};
/* End PBXContainerItemProxy section */

/* Begin PBXFileReference section */
		2BF2B660C99F9EEBD087350F /* libPods-MPCameraUITests.a */ = {isa = PBXFileReference; explicitFileType = archive.ar; includeInIndex = 0; path = "libPods-MPCameraUITests.a"; sourceTree = BUILT_PRODUCTS_DIR; };
		487B20B52312B729D525EB7B /* Pods-MPCameraUITests.debug.xcconfig */ = {isa = PBXFileReference; includeInIndex = 1; lastKnownFileType = text.xcconfig; name = "Pods-MPCameraUITests.debug.xcconfig"; path = "Pods/Target Support Files/Pods-MPCameraUITests/Pods-MPCameraUITests.debug.xcconfig"; sourceTree = "<group>"; };
		4AF447B4E94F196D0DB1F346 /* Pods-MPCamera.debug.xcconfig */ = {isa = PBXFileReference; includeInIndex = 1; lastKnownFileType = text.xcconfig; name = "Pods-MPCamera.debug.xcconfig"; path = "Pods/Target Support Files/Pods-MPCamera/Pods-MPCamera.debug.xcconfig"; sourceTree = "<group>"; };
		5B0704716D1284D517EDCDB0 /* Pods-MPCameraUITests.release.xcconfig */ = {isa = PBXFileReference; includeInIndex = 1; lastKnownFileType = text.xcconfig; name = "Pods-MPCameraUITests.release.xcconfig"; path = "Pods/Target Support Files/Pods-MPCameraUITests/Pods-MPCameraUITests.release.xcconfig"; sourceTree = "<group>"; };
		71B21CC3D9E5E8593BBE752C /* libPods-MPCameraTests.a */ = {isa = PBXFileReference; explicitFileType = archive.ar; includeInIndex = 0; path = "libPods-MPCameraTests.a"; sourceTree = BUILT_PRODUCTS_DIR; };
		8E8AEC4CBA3E95DE6FA1C73B /* libPods-MPCamera.a */ = {isa = PBXFileReference; explicitFileType = archive.ar; includeInIndex = 0; path = "libPods-MPCamera.a"; sourceTree = BUILT_PRODUCTS_DIR; };
		A233DACB2354136C005BB700 /* MPCapturingButton.h */ = {isa = PBXFileReference; lastKnownFileType = sourcecode.c.h; path = MPCapturingButton.h; sourceTree = "<group>"; };
		A233DACC2354136C005BB700 /* MPCapturingButton.m */ = {isa = PBXFileReference; lastKnownFileType = sourcecode.c.objc; path = MPCapturingButton.m; sourceTree = "<group>"; };
		A233DACE23541756005BB700 /* MPPhotoResultViewController.h */ = {isa = PBXFileReference; lastKnownFileType = sourcecode.c.h; path = MPPhotoResultViewController.h; sourceTree = "<group>"; };
		A233DACF23541756005BB700 /* MPPhotoResultViewController.m */ = {isa = PBXFileReference; lastKnownFileType = sourcecode.c.objc; path = MPPhotoResultViewController.m; sourceTree = "<group>"; };
		A233DAD123544FD0005BB700 /* MPCameraTopView.h */ = {isa = PBXFileReference; lastKnownFileType = sourcecode.c.h; path = MPCameraTopView.h; sourceTree = "<group>"; };
		A233DAD223544FD0005BB700 /* MPCameraTopView.m */ = {isa = PBXFileReference; lastKnownFileType = sourcecode.c.objc; path = MPCameraTopView.m; sourceTree = "<group>"; };
		A24BD7CD2356B79B00D8F4D4 /* MPFileHelper.h */ = {isa = PBXFileReference; lastKnownFileType = sourcecode.c.h; path = MPFileHelper.h; sourceTree = "<group>"; };
		A24BD7CE2356B79B00D8F4D4 /* MPFileHelper.m */ = {isa = PBXFileReference; lastKnownFileType = sourcecode.c.objc; path = MPFileHelper.m; sourceTree = "<group>"; };
		A24F614C23555D24001D3A50 /* MPCapturingModeSwitchView.h */ = {isa = PBXFileReference; lastKnownFileType = sourcecode.c.h; path = MPCapturingModeSwitchView.h; sourceTree = "<group>"; };
		A24F614D23555D24001D3A50 /* MPCapturingModeSwitchView.m */ = {isa = PBXFileReference; lastKnownFileType = sourcecode.c.objc; path = MPCapturingModeSwitchView.m; sourceTree = "<group>"; };
		A24F614F235566CE001D3A50 /* MPCamerVideoTimeLabel.h */ = {isa = PBXFileReference; lastKnownFileType = sourcecode.c.h; path = MPCamerVideoTimeLabel.h; sourceTree = "<group>"; };
		A24F6150235566CE001D3A50 /* MPCamerVideoTimeLabel.m */ = {isa = PBXFileReference; lastKnownFileType = sourcecode.c.objc; path = MPCamerVideoTimeLabel.m; sourceTree = "<group>"; };
		A24F615223557583001D3A50 /* MPVideoModel.h */ = {isa = PBXFileReference; lastKnownFileType = sourcecode.c.h; path = MPVideoModel.h; sourceTree = "<group>"; };
		A24F615323557583001D3A50 /* MPVideoModel.m */ = {isa = PBXFileReference; lastKnownFileType = sourcecode.c.objc; path = MPVideoModel.m; sourceTree = "<group>"; };
		A2536A0823507FE90059E814 /* MPCamera.app */ = {isa = PBXFileReference; explicitFileType = wrapper.application; includeInIndex = 0; path = MPCamera.app; sourceTree = BUILT_PRODUCTS_DIR; };
		A2536A0B23507FE90059E814 /* AppDelegate.h */ = {isa = PBXFileReference; lastKnownFileType = sourcecode.c.h; path = AppDelegate.h; sourceTree = "<group>"; };
		A2536A0C23507FE90059E814 /* AppDelegate.m */ = {isa = PBXFileReference; lastKnownFileType = sourcecode.c.objc; path = AppDelegate.m; sourceTree = "<group>"; };
		A2536A0E23507FE90059E814 /* SceneDelegate.h */ = {isa = PBXFileReference; lastKnownFileType = sourcecode.c.h; path = SceneDelegate.h; sourceTree = "<group>"; };
		A2536A0F23507FE90059E814 /* SceneDelegate.m */ = {isa = PBXFileReference; lastKnownFileType = sourcecode.c.objc; path = SceneDelegate.m; sourceTree = "<group>"; };
		A2536A1723507FE90059E814 /* Assets.xcassets */ = {isa = PBXFileReference; lastKnownFileType = folder.assetcatalog; path = Assets.xcassets; sourceTree = "<group>"; };
		A2536A1A23507FE90059E814 /* Base */ = {isa = PBXFileReference; lastKnownFileType = file.storyboard; name = Base; path = Base.lproj/LaunchScreen.storyboard; sourceTree = "<group>"; };
		A2536A1C23507FE90059E814 /* Info.plist */ = {isa = PBXFileReference; lastKnownFileType = text.plist.xml; path = Info.plist; sourceTree = "<group>"; };
		A2536A1D23507FE90059E814 /* main.m */ = {isa = PBXFileReference; lastKnownFileType = sourcecode.c.objc; path = main.m; sourceTree = "<group>"; };
		A2536A2323507FE90059E814 /* MPCameraTests.xctest */ = {isa = PBXFileReference; explicitFileType = wrapper.cfbundle; includeInIndex = 0; path = MPCameraTests.xctest; sourceTree = BUILT_PRODUCTS_DIR; };
		A2536A2723507FE90059E814 /* MPCameraTests.m */ = {isa = PBXFileReference; lastKnownFileType = sourcecode.c.objc; path = MPCameraTests.m; sourceTree = "<group>"; };
		A2536A2923507FE90059E814 /* Info.plist */ = {isa = PBXFileReference; lastKnownFileType = text.plist.xml; path = Info.plist; sourceTree = "<group>"; };
		A2536A2E23507FE90059E814 /* MPCameraUITests.xctest */ = {isa = PBXFileReference; explicitFileType = wrapper.cfbundle; includeInIndex = 0; path = MPCameraUITests.xctest; sourceTree = BUILT_PRODUCTS_DIR; };
		A2536A3223507FE90059E814 /* MPCameraUITests.m */ = {isa = PBXFileReference; lastKnownFileType = sourcecode.c.objc; path = MPCameraUITests.m; sourceTree = "<group>"; };
		A2536A3423507FE90059E814 /* Info.plist */ = {isa = PBXFileReference; lastKnownFileType = text.plist.xml; path = Info.plist; sourceTree = "<group>"; };
		A2536A472350865E0059E814 /* DefineFilterMaterials.plist */ = {isa = PBXFileReference; fileEncoding = 4; lastKnownFileType = text.plist.xml; path = DefineFilterMaterials.plist; sourceTree = "<group>"; };
		A2536A482350865E0059E814 /* DefaultFilterMaterials.plist */ = {isa = PBXFileReference; fileEncoding = 4; lastKnownFileType = text.plist.xml; path = DefaultFilterMaterials.plist; sourceTree = "<group>"; };
		A2536A4A2350865E0059E814 /* samperTeture2.jpg */ = {isa = PBXFileReference; lastKnownFileType = image.jpeg; path = samperTeture2.jpg; sourceTree = "<group>"; };
		A2536A4B2350865E0059E814 /* samperTeture.jpg */ = {isa = PBXFileReference; lastKnownFileType = image.jpeg; path = samperTeture.jpg; sourceTree = "<group>"; };
		A2536A51235088AF0059E814 /* MPCameraViewController.h */ = {isa = PBXFileReference; lastKnownFileType = sourcecode.c.h; path = MPCameraViewController.h; sourceTree = "<group>"; };
		A2536A52235088AF0059E814 /* MPCameraViewController.m */ = {isa = PBXFileReference; lastKnownFileType = sourcecode.c.objc; path = MPCameraViewController.m; sourceTree = "<group>"; };
		A2536A542350892A0059E814 /* PrefixHeader.pch */ = {isa = PBXFileReference; lastKnownFileType = sourcecode.c.h; path = PrefixHeader.pch; sourceTree = "<group>"; };
		A26BCDD823517D6600395683 /* MPCameraManager.h */ = {isa = PBXFileReference; lastKnownFileType = sourcecode.c.h; path = MPCameraManager.h; sourceTree = "<group>"; };
		A26BCDD923517D6600395683 /* MPCameraManager.m */ = {isa = PBXFileReference; lastKnownFileType = sourcecode.c.objc; path = MPCameraManager.m; sourceTree = "<group>"; };
		A26BCDDC23517EF400395683 /* metamacros.h */ = {isa = PBXFileReference; fileEncoding = 4; lastKnownFileType = sourcecode.c.h; path = metamacros.h; sourceTree = "<group>"; };
		A26BCDDD23517EF400395683 /* Common.h */ = {isa = PBXFileReference; fileEncoding = 4; lastKnownFileType = sourcecode.c.h; path = Common.h; sourceTree = "<group>"; };
		A26BCDDE23517EF400395683 /* EXTScope.h */ = {isa = PBXFileReference; fileEncoding = 4; lastKnownFileType = sourcecode.c.h; path = EXTScope.h; sourceTree = "<group>"; };
		A26BCDDF235181B500395683 /* UIDevice+Extention.m */ = {isa = PBXFileReference; fileEncoding = 4; lastKnownFileType = sourcecode.c.objc; path = "UIDevice+Extention.m"; sourceTree = "<group>"; };
		A26BCDE0235181B500395683 /* GPUImageMovieWriter+BugFix.m */ = {isa = PBXFileReference; fileEncoding = 4; lastKnownFileType = sourcecode.c.objc; path = "GPUImageMovieWriter+BugFix.m"; sourceTree = "<group>"; };
		A26BCDE1235181B600395683 /* UIView+Extention.h */ = {isa = PBXFileReference; fileEncoding = 4; lastKnownFileType = sourcecode.c.h; path = "UIView+Extention.h"; sourceTree = "<group>"; };
		A26BCDE2235181B600395683 /* UIDevice+Extention.h */ = {isa = PBXFileReference; fileEncoding = 4; lastKnownFileType = sourcecode.c.h; path = "UIDevice+Extention.h"; sourceTree = "<group>"; };
		A26BCDE3235181B600395683 /* UIButton+Extention.m */ = {isa = PBXFileReference; fileEncoding = 4; lastKnownFileType = sourcecode.c.objc; path = "UIButton+Extention.m"; sourceTree = "<group>"; };
		A26BCDE4235181B600395683 /* GPUImageMovieWriter+BugFix.h */ = {isa = PBXFileReference; fileEncoding = 4; lastKnownFileType = sourcecode.c.h; path = "GPUImageMovieWriter+BugFix.h"; sourceTree = "<group>"; };
		A26BCDE5235181B600395683 /* UIButton+Extention.h */ = {isa = PBXFileReference; fileEncoding = 4; lastKnownFileType = sourcecode.c.h; path = "UIButton+Extention.h"; sourceTree = "<group>"; };
		A26BCDE6235181B600395683 /* UIView+Extention.m */ = {isa = PBXFileReference; fileEncoding = 4; lastKnownFileType = sourcecode.c.objc; path = "UIView+Extention.m"; sourceTree = "<group>"; };
		A26BCDEB2351829F00395683 /* CCGPUImageMovieWriter.h */ = {isa = PBXFileReference; fileEncoding = 4; lastKnownFileType = sourcecode.c.h; path = CCGPUImageMovieWriter.h; sourceTree = "<group>"; };
		A26BCDEC2351829F00395683 /* CCGPUImageMovieWriter.m */ = {isa = PBXFileReference; fileEncoding = 4; lastKnownFileType = sourcecode.c.objc; path = CCGPUImageMovieWriter.m; sourceTree = "<group>"; };
		A26BCDEE2351A4D900395683 /* MPFilterHandler.h */ = {isa = PBXFileReference; lastKnownFileType = sourcecode.c.h; path = MPFilterHandler.h; sourceTree = "<group>"; };
		A26BCDEF2351A4D900395683 /* MPFilterHandler.m */ = {isa = PBXFileReference; lastKnownFileType = sourcecode.c.objc; path = MPFilterHandler.m; sourceTree = "<group>"; };
		A272DC97235803D400E7DB9A /* MPFilterMaterialModel.h */ = {isa = PBXFileReference; lastKnownFileType = sourcecode.c.h; path = MPFilterMaterialModel.h; sourceTree = "<group>"; };
		A272DC98235803D400E7DB9A /* MPFilterMaterialModel.m */ = {isa = PBXFileReference; lastKnownFileType = sourcecode.c.objc; path = MPFilterMaterialModel.m; sourceTree = "<group>"; };
		A272DC9A23580EC300E7DB9A /* MPFilterManager.h */ = {isa = PBXFileReference; lastKnownFileType = sourcecode.c.h; path = MPFilterManager.h; sourceTree = "<group>"; };
		A272DC9B23580EC300E7DB9A /* MPFilterManager.m */ = {isa = PBXFileReference; lastKnownFileType = sourcecode.c.objc; path = MPFilterManager.m; sourceTree = "<group>"; };
		A272DC9F23581D8F00E7DB9A /* MPGPUUIImageBaseFilter.h */ = {isa = PBXFileReference; lastKnownFileType = sourcecode.c.h; path = MPGPUUIImageBaseFilter.h; sourceTree = "<group>"; };
		A272DCA023581D8F00E7DB9A /* MPGPUUIImageBaseFilter.m */ = {isa = PBXFileReference; lastKnownFileType = sourcecode.c.objc; path = MPGPUUIImageBaseFilter.m; sourceTree = "<group>"; };
		A272DCA223581E8C00E7DB9A /* CCGPUImageSplitScreen6Filter.m */ = {isa = PBXFileReference; fileEncoding = 4; lastKnownFileType = sourcecode.c.objc; path = CCGPUImageSplitScreen6Filter.m; sourceTree = "<group>"; };
		A272DCA323581E8C00E7DB9A /* CCGPUImageHexagonMosaicFilter.h */ = {isa = PBXFileReference; fileEncoding = 4; lastKnownFileType = sourcecode.c.h; path = CCGPUImageHexagonMosaicFilter.h; sourceTree = "<group>"; };
		A272DCA423581E8D00E7DB9A /* CCGPUImageShakeFilter.h */ = {isa = PBXFileReference; fileEncoding = 4; lastKnownFileType = sourcecode.c.h; path = CCGPUImageShakeFilter.h; sourceTree = "<group>"; };
		A272DCA523581E8D00E7DB9A /* CCGPUImageScaleFilter.m */ = {isa = PBXFileReference; fileEncoding = 4; lastKnownFileType = sourcecode.c.objc; path = CCGPUImageScaleFilter.m; sourceTree = "<group>"; };
		A272DCA623581E8D00E7DB9A /* CCGPUImageReversalFilter.m */ = {isa = PBXFileReference; fileEncoding = 4; lastKnownFileType = sourcecode.c.objc; path = CCGPUImageReversalFilter.m; sourceTree = "<group>"; };
		A272DCA723581E8D00E7DB9A /* CCGPUImageGlitchFilter.h */ = {isa = PBXFileReference; fileEncoding = 4; lastKnownFileType = sourcecode.c.h; path = CCGPUImageGlitchFilter.h; sourceTree = "<group>"; };
		A272DCA823581E8D00E7DB9A /* CCGPUImageCirlceFilter.m */ = {isa = PBXFileReference; fileEncoding = 4; lastKnownFileType = sourcecode.c.objc; path = CCGPUImageCirlceFilter.m; sourceTree = "<group>"; };
		A272DCA923581E8D00E7DB9A /* CCGPUImageLightFilter.h */ = {isa = PBXFileReference; fileEncoding = 4; lastKnownFileType = sourcecode.c.h; path = CCGPUImageLightFilter.h; sourceTree = "<group>"; };
		A272DCAA23581E8D00E7DB9A /* CCGPUImageSoulOutFilter.h */ = {isa = PBXFileReference; fileEncoding = 4; lastKnownFileType = sourcecode.c.h; path = CCGPUImageSoulOutFilter.h; sourceTree = "<group>"; };
		A272DCAB23581E8D00E7DB9A /* CCGPUImageSplitScreen2Filter.h */ = {isa = PBXFileReference; fileEncoding = 4; lastKnownFileType = sourcecode.c.h; path = CCGPUImageSplitScreen2Filter.h; sourceTree = "<group>"; };
		A272DCAC23581E8D00E7DB9A /* CCGPUImageScaleFilter.h */ = {isa = PBXFileReference; fileEncoding = 4; lastKnownFileType = sourcecode.c.h; path = CCGPUImageScaleFilter.h; sourceTree = "<group>"; };
		A272DCAD23581E8D00E7DB9A /* CCGPUImageShineWhiteFilter.h */ = {isa = PBXFileReference; fileEncoding = 4; lastKnownFileType = sourcecode.c.h; path = CCGPUImageShineWhiteFilter.h; sourceTree = "<group>"; };
		A272DCAE23581E8D00E7DB9A /* CCGPUImageSplitScreen2Filter.m */ = {isa = PBXFileReference; fileEncoding = 4; lastKnownFileType = sourcecode.c.objc; path = CCGPUImageSplitScreen2Filter.m; sourceTree = "<group>"; };
		A272DCAF23581E8D00E7DB9A /* CCGPUImageMosaicFilter.m */ = {isa = PBXFileReference; fileEncoding = 4; lastKnownFileType = sourcecode.c.objc; path = CCGPUImageMosaicFilter.m; sourceTree = "<group>"; };
		A272DCB023581E8D00E7DB9A /* CCGPUImageSplitScreen3Filter.m */ = {isa = PBXFileReference; fileEncoding = 4; lastKnownFileType = sourcecode.c.objc; path = CCGPUImageSplitScreen3Filter.m; sourceTree = "<group>"; };
		A272DCB123581E8D00E7DB9A /* CCGPUImageSplitScreen4Filter.m */ = {isa = PBXFileReference; fileEncoding = 4; lastKnownFileType = sourcecode.c.objc; path = CCGPUImageSplitScreen4Filter.m; sourceTree = "<group>"; };
		A272DCB223581E8D00E7DB9A /* CCGPUImageSplitScreen9Filter.h */ = {isa = PBXFileReference; fileEncoding = 4; lastKnownFileType = sourcecode.c.h; path = CCGPUImageSplitScreen9Filter.h; sourceTree = "<group>"; };
		A272DCB323581E8D00E7DB9A /* CCGPUImageReversalFilter.h */ = {isa = PBXFileReference; fileEncoding = 4; lastKnownFileType = sourcecode.c.h; path = CCGPUImageReversalFilter.h; sourceTree = "<group>"; };
		A272DCB423581E8E00E7DB9A /* CCGPUImageGlitchFilter.m */ = {isa = PBXFileReference; fileEncoding = 4; lastKnownFileType = sourcecode.c.objc; path = CCGPUImageGlitchFilter.m; sourceTree = "<group>"; };
		A272DCB523581E8E00E7DB9A /* CCGPUImageSplitScreen9Filter.m */ = {isa = PBXFileReference; fileEncoding = 4; lastKnownFileType = sourcecode.c.objc; path = CCGPUImageSplitScreen9Filter.m; sourceTree = "<group>"; };
		A272DCB623581E8E00E7DB9A /* CCGPUImageTriangularMosaicFilter.h */ = {isa = PBXFileReference; fileEncoding = 4; lastKnownFileType = sourcecode.c.h; path = CCGPUImageTriangularMosaicFilter.h; sourceTree = "<group>"; };
		A272DCB723581E8E00E7DB9A /* CCGPUImageShineWhiteFilter.m */ = {isa = PBXFileReference; fileEncoding = 4; lastKnownFileType = sourcecode.c.objc; path = CCGPUImageShineWhiteFilter.m; sourceTree = "<group>"; };
		A272DCB823581E8E00E7DB9A /* CCGPUImageVertigoFilter.h */ = {isa = PBXFileReference; fileEncoding = 4; lastKnownFileType = sourcecode.c.h; path = CCGPUImageVertigoFilter.h; sourceTree = "<group>"; };
		A272DCB923581E8E00E7DB9A /* CCGPUImageSplitScreen3Filter.h */ = {isa = PBXFileReference; fileEncoding = 4; lastKnownFileType = sourcecode.c.h; path = CCGPUImageSplitScreen3Filter.h; sourceTree = "<group>"; };
		A272DCBA23581E8E00E7DB9A /* CCGPUImageSoulOutFilter.m */ = {isa = PBXFileReference; fileEncoding = 4; lastKnownFileType = sourcecode.c.objc; path = CCGPUImageSoulOutFilter.m; sourceTree = "<group>"; };
		A272DCBB23581E8E00E7DB9A /* CCGPUImageMosaicFilter.h */ = {isa = PBXFileReference; fileEncoding = 4; lastKnownFileType = sourcecode.c.h; path = CCGPUImageMosaicFilter.h; sourceTree = "<group>"; };
		A272DCBC23581E8E00E7DB9A /* CCGPUImageVertigoFilter.m */ = {isa = PBXFileReference; fileEncoding = 4; lastKnownFileType = sourcecode.c.objc; path = CCGPUImageVertigoFilter.m; sourceTree = "<group>"; };
		A272DCBD23581E8E00E7DB9A /* CCGPUImageGrayFilter.m */ = {isa = PBXFileReference; fileEncoding = 4; lastKnownFileType = sourcecode.c.objc; path = CCGPUImageGrayFilter.m; sourceTree = "<group>"; };
		A272DCBE23581E8E00E7DB9A /* CCGPUImageGrayFilter.h */ = {isa = PBXFileReference; fileEncoding = 4; lastKnownFileType = sourcecode.c.h; path = CCGPUImageGrayFilter.h; sourceTree = "<group>"; };
		A272DCBF23581E8E00E7DB9A /* CCGPUImageSplitScreen4Filter.h */ = {isa = PBXFileReference; fileEncoding = 4; lastKnownFileType = sourcecode.c.h; path = CCGPUImageSplitScreen4Filter.h; sourceTree = "<group>"; };
		A272DCC023581E8E00E7DB9A /* CCGPUImageShakeFilter.m */ = {isa = PBXFileReference; fileEncoding = 4; lastKnownFileType = sourcecode.c.objc; path = CCGPUImageShakeFilter.m; sourceTree = "<group>"; };
		A272DCC123581E8E00E7DB9A /* CCGPUImageLightFilter.m */ = {isa = PBXFileReference; fileEncoding = 4; lastKnownFileType = sourcecode.c.objc; path = CCGPUImageLightFilter.m; sourceTree = "<group>"; };
		A272DCC223581E8F00E7DB9A /* CCGPUImageSplitScreen6Filter.h */ = {isa = PBXFileReference; fileEncoding = 4; lastKnownFileType = sourcecode.c.h; path = CCGPUImageSplitScreen6Filter.h; sourceTree = "<group>"; };
		A272DCC323581E8F00E7DB9A /* CCGPUImageTriangularMosaicFilter.m */ = {isa = PBXFileReference; fileEncoding = 4; lastKnownFileType = sourcecode.c.objc; path = CCGPUImageTriangularMosaicFilter.m; sourceTree = "<group>"; };
		A272DCC423581E8F00E7DB9A /* CCGPUImageCirlceFilter.h */ = {isa = PBXFileReference; fileEncoding = 4; lastKnownFileType = sourcecode.c.h; path = CCGPUImageCirlceFilter.h; sourceTree = "<group>"; };
		A272DCC523581E8F00E7DB9A /* CCGPUImageHexagonMosaicFilter.m */ = {isa = PBXFileReference; fileEncoding = 4; lastKnownFileType = sourcecode.c.objc; path = CCGPUImageHexagonMosaicFilter.m; sourceTree = "<group>"; };
		A2A202942356E95100EAAC06 /* MPVideoResultViewController.h */ = {isa = PBXFileReference; lastKnownFileType = sourcecode.c.h; path = MPVideoResultViewController.h; sourceTree = "<group>"; };
		A2A202952356E95100EAAC06 /* MPVideoResultViewController.m */ = {isa = PBXFileReference; lastKnownFileType = sourcecode.c.objc; path = MPVideoResultViewController.m; sourceTree = "<group>"; };
		A2A202972356EA1100EAAC06 /* MPAssetHelper.h */ = {isa = PBXFileReference; lastKnownFileType = sourcecode.c.h; path = MPAssetHelper.h; sourceTree = "<group>"; };
		A2A202982356EA1100EAAC06 /* MPAssetHelper.m */ = {isa = PBXFileReference; lastKnownFileType = sourcecode.c.objc; path = MPAssetHelper.m; sourceTree = "<group>"; };
		A2A2029A23571FCB00EAAC06 /* MPFilterBarView.h */ = {isa = PBXFileReference; lastKnownFileType = sourcecode.c.h; path = MPFilterBarView.h; sourceTree = "<group>"; };
		A2A2029B23571FCB00EAAC06 /* MPFilterBarView.m */ = {isa = PBXFileReference; lastKnownFileType = sourcecode.c.objc; path = MPFilterBarView.m; sourceTree = "<group>"; };
		A2A2029D2357231C00EAAC06 /* MPFilterCategoryView.h */ = {isa = PBXFileReference; lastKnownFileType = sourcecode.c.h; path = MPFilterCategoryView.h; sourceTree = "<group>"; };
		A2A2029E2357231C00EAAC06 /* MPFilterCategoryView.m */ = {isa = PBXFileReference; lastKnownFileType = sourcecode.c.objc; path = MPFilterCategoryView.m; sourceTree = "<group>"; };
		A2A202A02357233C00EAAC06 /* MPFilterMaterialView.h */ = {isa = PBXFileReference; lastKnownFileType = sourcecode.c.h; path = MPFilterMaterialView.h; sourceTree = "<group>"; };
		A2A202A12357233C00EAAC06 /* MPFilterMaterialView.m */ = {isa = PBXFileReference; lastKnownFileType = sourcecode.c.objc; path = MPFilterMaterialView.m; sourceTree = "<group>"; };
		A2A202A323572AB200EAAC06 /* MPFilterCategoryCell.h */ = {isa = PBXFileReference; lastKnownFileType = sourcecode.c.h; path = MPFilterCategoryCell.h; sourceTree = "<group>"; };
		A2A202A423572AB200EAAC06 /* MPFilterCategoryCell.m */ = {isa = PBXFileReference; lastKnownFileType = sourcecode.c.objc; path = MPFilterCategoryCell.m; sourceTree = "<group>"; };
		A2A202A623572AEF00EAAC06 /* MPFilterMaterialViewCell.h */ = {isa = PBXFileReference; lastKnownFileType = sourcecode.c.h; path = MPFilterMaterialViewCell.h; sourceTree = "<group>"; };
		A2A202A723572AEF00EAAC06 /* MPFilterMaterialViewCell.m */ = {isa = PBXFileReference; lastKnownFileType = sourcecode.c.objc; path = MPFilterMaterialViewCell.m; sourceTree = "<group>"; };
		AAB953234B5EAF795ABCFAD8 /* Pods-MPCameraTests.debug.xcconfig */ = {isa = PBXFileReference; includeInIndex = 1; lastKnownFileType = text.xcconfig; name = "Pods-MPCameraTests.debug.xcconfig"; path = "Pods/Target Support Files/Pods-MPCameraTests/Pods-MPCameraTests.debug.xcconfig"; sourceTree = "<group>"; };
		C4733666AE08CD73641E8CA1 /* Pods-MPCamera.release.xcconfig */ = {isa = PBXFileReference; includeInIndex = 1; lastKnownFileType = text.xcconfig; name = "Pods-MPCamera.release.xcconfig"; path = "Pods/Target Support Files/Pods-MPCamera/Pods-MPCamera.release.xcconfig"; sourceTree = "<group>"; };
		E6AE1D869C71CC8F2C778EF4 /* Pods-MPCameraTests.release.xcconfig */ = {isa = PBXFileReference; includeInIndex = 1; lastKnownFileType = text.xcconfig; name = "Pods-MPCameraTests.release.xcconfig"; path = "Pods/Target Support Files/Pods-MPCameraTests/Pods-MPCameraTests.release.xcconfig"; sourceTree = "<group>"; };
/* End PBXFileReference section */

/* Begin PBXFrameworksBuildPhase section */
		A2536A0523507FE90059E814 /* Frameworks */ = {
			isa = PBXFrameworksBuildPhase;
			buildActionMask = 2147483647;
			files = (
				0668AD8CEE8AF521F2516885 /* libPods-MPCamera.a in Frameworks */,
			);
			runOnlyForDeploymentPostprocessing = 0;
		};
		A2536A2023507FE90059E814 /* Frameworks */ = {
			isa = PBXFrameworksBuildPhase;
			buildActionMask = 2147483647;
			files = (
				02EB2FF5C9148635390EB6C7 /* libPods-MPCameraTests.a in Frameworks */,
			);
			runOnlyForDeploymentPostprocessing = 0;
		};
		A2536A2B23507FE90059E814 /* Frameworks */ = {
			isa = PBXFrameworksBuildPhase;
			buildActionMask = 2147483647;
			files = (
				FE3C203913EED8050F6E48FA /* libPods-MPCameraUITests.a in Frameworks */,
			);
			runOnlyForDeploymentPostprocessing = 0;
		};
/* End PBXFrameworksBuildPhase section */

/* Begin PBXGroup section */
		3018B07FA2F74DC30C973CFB /* Pods */ = {
			isa = PBXGroup;
			children = (
				4AF447B4E94F196D0DB1F346 /* Pods-MPCamera.debug.xcconfig */,
				C4733666AE08CD73641E8CA1 /* Pods-MPCamera.release.xcconfig */,
				AAB953234B5EAF795ABCFAD8 /* Pods-MPCameraTests.debug.xcconfig */,
				E6AE1D869C71CC8F2C778EF4 /* Pods-MPCameraTests.release.xcconfig */,
				487B20B52312B729D525EB7B /* Pods-MPCameraUITests.debug.xcconfig */,
				5B0704716D1284D517EDCDB0 /* Pods-MPCameraUITests.release.xcconfig */,
			);
			name = Pods;
			sourceTree = "<group>";
		};
		A24BD7D02356B7A600D8F4D4 /* Utils */ = {
			isa = PBXGroup;
			children = (
				A24BD7CD2356B79B00D8F4D4 /* MPFileHelper.h */,
				A24BD7CE2356B79B00D8F4D4 /* MPFileHelper.m */,
				A2A202972356EA1100EAAC06 /* MPAssetHelper.h */,
				A2A202982356EA1100EAAC06 /* MPAssetHelper.m */,
			);
			name = Utils;
			sourceTree = "<group>";
		};
		A25369FF23507FE90059E814 = {
			isa = PBXGroup;
			children = (
				A2536A0A23507FE90059E814 /* MPCamera */,
				A2536A2623507FE90059E814 /* MPCameraTests */,
				A2536A3123507FE90059E814 /* MPCameraUITests */,
				A2536A0923507FE90059E814 /* Products */,
				3018B07FA2F74DC30C973CFB /* Pods */,
				DA838079A1095F42E8A7C830 /* Frameworks */,
			);
			sourceTree = "<group>";
		};
		A2536A0923507FE90059E814 /* Products */ = {
			isa = PBXGroup;
			children = (
				A2536A0823507FE90059E814 /* MPCamera.app */,
				A2536A2323507FE90059E814 /* MPCameraTests.xctest */,
				A2536A2E23507FE90059E814 /* MPCameraUITests.xctest */,
			);
			name = Products;
			sourceTree = "<group>";
		};
		A2536A0A23507FE90059E814 /* MPCamera */ = {
			isa = PBXGroup;
			children = (
				A24BD7D02356B7A600D8F4D4 /* Utils */,
				A2536A412350865E0059E814 /* Category */,
				A2536A422350865E0059E814 /* Controller */,
				A2536A402350865E0059E814 /* Filter */,
				A2536A432350865E0059E814 /* Model */,
				A2536A4C2350865E0059E814 /* Other */,
				A2536A452350865E0059E814 /* Resource */,
				A2536A442350865E0059E814 /* View */,
				A2536A1723507FE90059E814 /* Assets.xcassets */,
				A2536A1923507FE90059E814 /* LaunchScreen.storyboard */,
				A2536A1C23507FE90059E814 /* Info.plist */,
				A2536A1D23507FE90059E814 /* main.m */,
			);
			path = MPCamera;
			sourceTree = "<group>";
		};
		A2536A2623507FE90059E814 /* MPCameraTests */ = {
			isa = PBXGroup;
			children = (
				A2536A2723507FE90059E814 /* MPCameraTests.m */,
				A2536A2923507FE90059E814 /* Info.plist */,
			);
			path = MPCameraTests;
			sourceTree = "<group>";
		};
		A2536A3123507FE90059E814 /* MPCameraUITests */ = {
			isa = PBXGroup;
			children = (
				A2536A3223507FE90059E814 /* MPCameraUITests.m */,
				A2536A3423507FE90059E814 /* Info.plist */,
			);
			path = MPCameraUITests;
			sourceTree = "<group>";
		};
		A2536A402350865E0059E814 /* Filter */ = {
			isa = PBXGroup;
			children = (
				A272DC9E23581D7500E7DB9A /* DefineFilter */,
				A272DC9D23581D6D00E7DB9A /* BaseFilter */,
			);
			path = Filter;
			sourceTree = "<group>";
		};
		A2536A412350865E0059E814 /* Category */ = {
			isa = PBXGroup;
			children = (
				A26BCDE4235181B600395683 /* GPUImageMovieWriter+BugFix.h */,
				A26BCDE0235181B500395683 /* GPUImageMovieWriter+BugFix.m */,
				A26BCDE5235181B600395683 /* UIButton+Extention.h */,
				A26BCDE3235181B600395683 /* UIButton+Extention.m */,
				A26BCDE2235181B600395683 /* UIDevice+Extention.h */,
				A26BCDDF235181B500395683 /* UIDevice+Extention.m */,
				A26BCDE1235181B600395683 /* UIView+Extention.h */,
				A26BCDE6235181B600395683 /* UIView+Extention.m */,
			);
			path = Category;
			sourceTree = "<group>";
		};
		A2536A422350865E0059E814 /* Controller */ = {
			isa = PBXGroup;
			children = (
				A2536A51235088AF0059E814 /* MPCameraViewController.h */,
				A2536A52235088AF0059E814 /* MPCameraViewController.m */,
				A233DACE23541756005BB700 /* MPPhotoResultViewController.h */,
				A233DACF23541756005BB700 /* MPPhotoResultViewController.m */,
				A2A202942356E95100EAAC06 /* MPVideoResultViewController.h */,
				A2A202952356E95100EAAC06 /* MPVideoResultViewController.m */,
			);
			path = Controller;
			sourceTree = "<group>";
		};
		A2536A432350865E0059E814 /* Model */ = {
			isa = PBXGroup;
			children = (
				A26BCDEB2351829F00395683 /* CCGPUImageMovieWriter.h */,
				A26BCDEC2351829F00395683 /* CCGPUImageMovieWriter.m */,
				A26BCDD823517D6600395683 /* MPCameraManager.h */,
				A26BCDD923517D6600395683 /* MPCameraManager.m */,
				A26BCDEE2351A4D900395683 /* MPFilterHandler.h */,
				A26BCDEF2351A4D900395683 /* MPFilterHandler.m */,
				A24F615223557583001D3A50 /* MPVideoModel.h */,
				A24F615323557583001D3A50 /* MPVideoModel.m */,
				A272DC97235803D400E7DB9A /* MPFilterMaterialModel.h */,
				A272DC98235803D400E7DB9A /* MPFilterMaterialModel.m */,
				A272DC9A23580EC300E7DB9A /* MPFilterManager.h */,
				A272DC9B23580EC300E7DB9A /* MPFilterManager.m */,
			);
			path = Model;
			sourceTree = "<group>";
		};
		A2536A442350865E0059E814 /* View */ = {
			isa = PBXGroup;
			children = (
				A233DACB2354136C005BB700 /* MPCapturingButton.h */,
				A233DACC2354136C005BB700 /* MPCapturingButton.m */,
				A233DAD123544FD0005BB700 /* MPCameraTopView.h */,
				A233DAD223544FD0005BB700 /* MPCameraTopView.m */,
				A24F614C23555D24001D3A50 /* MPCapturingModeSwitchView.h */,
				A24F614D23555D24001D3A50 /* MPCapturingModeSwitchView.m */,
				A24F614F235566CE001D3A50 /* MPCamerVideoTimeLabel.h */,
				A24F6150235566CE001D3A50 /* MPCamerVideoTimeLabel.m */,
				A2A2029A23571FCB00EAAC06 /* MPFilterBarView.h */,
				A2A2029B23571FCB00EAAC06 /* MPFilterBarView.m */,
				A2A2029D2357231C00EAAC06 /* MPFilterCategoryView.h */,
				A2A2029E2357231C00EAAC06 /* MPFilterCategoryView.m */,
				A2A202A02357233C00EAAC06 /* MPFilterMaterialView.h */,
				A2A202A12357233C00EAAC06 /* MPFilterMaterialView.m */,
				A2A202A323572AB200EAAC06 /* MPFilterCategoryCell.h */,
				A2A202A423572AB200EAAC06 /* MPFilterCategoryCell.m */,
				A2A202A623572AEF00EAAC06 /* MPFilterMaterialViewCell.h */,
				A2A202A723572AEF00EAAC06 /* MPFilterMaterialViewCell.m */,
			);
			path = View;
			sourceTree = "<group>";
		};
		A2536A452350865E0059E814 /* Resource */ = {
			isa = PBXGroup;
			children = (
				A2536A462350865E0059E814 /* PList */,
				A2536A492350865E0059E814 /* Image */,
			);
			path = Resource;
			sourceTree = "<group>";
		};
		A2536A462350865E0059E814 /* PList */ = {
			isa = PBXGroup;
			children = (
				A2536A472350865E0059E814 /* DefineFilterMaterials.plist */,
				A2536A482350865E0059E814 /* DefaultFilterMaterials.plist */,
			);
			path = PList;
			sourceTree = "<group>";
		};
		A2536A492350865E0059E814 /* Image */ = {
			isa = PBXGroup;
			children = (
				A2536A4A2350865E0059E814 /* samperTeture2.jpg */,
				A2536A4B2350865E0059E814 /* samperTeture.jpg */,
			);
			path = Image;
			sourceTree = "<group>";
		};
		A2536A4C2350865E0059E814 /* Other */ = {
			isa = PBXGroup;
			children = (
				A26BCDDB23517EF400395683 /* Define */,
				A2536A0B23507FE90059E814 /* AppDelegate.h */,
				A2536A0C23507FE90059E814 /* AppDelegate.m */,
				A2536A0E23507FE90059E814 /* SceneDelegate.h */,
				A2536A0F23507FE90059E814 /* SceneDelegate.m */,
				A2536A542350892A0059E814 /* PrefixHeader.pch */,
			);
			path = Other;
			sourceTree = "<group>";
		};
		A26BCDDB23517EF400395683 /* Define */ = {
			isa = PBXGroup;
			children = (
				A26BCDDC23517EF400395683 /* metamacros.h */,
				A26BCDDD23517EF400395683 /* Common.h */,
				A26BCDDE23517EF400395683 /* EXTScope.h */,
			);
			path = Define;
			sourceTree = "<group>";
		};
		A272DC9D23581D6D00E7DB9A /* BaseFilter */ = {
			isa = PBXGroup;
			children = (
				A272DC9F23581D8F00E7DB9A /* MPGPUUIImageBaseFilter.h */,
				A272DCA023581D8F00E7DB9A /* MPGPUUIImageBaseFilter.m */,
			);
			path = BaseFilter;
			sourceTree = "<group>";
		};
		A272DC9E23581D7500E7DB9A /* DefineFilter */ = {
			isa = PBXGroup;
			children = (
				A272DCC423581E8F00E7DB9A /* CCGPUImageCirlceFilter.h */,
				A272DCA823581E8D00E7DB9A /* CCGPUImageCirlceFilter.m */,
				A272DCA723581E8D00E7DB9A /* CCGPUImageGlitchFilter.h */,
				A272DCB423581E8E00E7DB9A /* CCGPUImageGlitchFilter.m */,
				A272DCBE23581E8E00E7DB9A /* CCGPUImageGrayFilter.h */,
				A272DCBD23581E8E00E7DB9A /* CCGPUImageGrayFilter.m */,
				A272DCA323581E8C00E7DB9A /* CCGPUImageHexagonMosaicFilter.h */,
				A272DCC523581E8F00E7DB9A /* CCGPUImageHexagonMosaicFilter.m */,
				A272DCA923581E8D00E7DB9A /* CCGPUImageLightFilter.h */,
				A272DCC123581E8E00E7DB9A /* CCGPUImageLightFilter.m */,
				A272DCBB23581E8E00E7DB9A /* CCGPUImageMosaicFilter.h */,
				A272DCAF23581E8D00E7DB9A /* CCGPUImageMosaicFilter.m */,
				A272DCB323581E8D00E7DB9A /* CCGPUImageReversalFilter.h */,
				A272DCA623581E8D00E7DB9A /* CCGPUImageReversalFilter.m */,
				A272DCAC23581E8D00E7DB9A /* CCGPUImageScaleFilter.h */,
				A272DCA523581E8D00E7DB9A /* CCGPUImageScaleFilter.m */,
				A272DCA423581E8D00E7DB9A /* CCGPUImageShakeFilter.h */,
				A272DCC023581E8E00E7DB9A /* CCGPUImageShakeFilter.m */,
				A272DCAD23581E8D00E7DB9A /* CCGPUImageShineWhiteFilter.h */,
				A272DCB723581E8E00E7DB9A /* CCGPUImageShineWhiteFilter.m */,
				A272DCAA23581E8D00E7DB9A /* CCGPUImageSoulOutFilter.h */,
				A272DCBA23581E8E00E7DB9A /* CCGPUImageSoulOutFilter.m */,
				A272DCAB23581E8D00E7DB9A /* CCGPUImageSplitScreen2Filter.h */,
				A272DCAE23581E8D00E7DB9A /* CCGPUImageSplitScreen2Filter.m */,
				A272DCB923581E8E00E7DB9A /* CCGPUImageSplitScreen3Filter.h */,
				A272DCB023581E8D00E7DB9A /* CCGPUImageSplitScreen3Filter.m */,
				A272DCBF23581E8E00E7DB9A /* CCGPUImageSplitScreen4Filter.h */,
				A272DCB123581E8D00E7DB9A /* CCGPUImageSplitScreen4Filter.m */,
				A272DCC223581E8F00E7DB9A /* CCGPUImageSplitScreen6Filter.h */,
				A272DCA223581E8C00E7DB9A /* CCGPUImageSplitScreen6Filter.m */,
				A272DCB223581E8D00E7DB9A /* CCGPUImageSplitScreen9Filter.h */,
				A272DCB523581E8E00E7DB9A /* CCGPUImageSplitScreen9Filter.m */,
				A272DCB623581E8E00E7DB9A /* CCGPUImageTriangularMosaicFilter.h */,
				A272DCC323581E8F00E7DB9A /* CCGPUImageTriangularMosaicFilter.m */,
				A272DCB823581E8E00E7DB9A /* CCGPUImageVertigoFilter.h */,
				A272DCBC23581E8E00E7DB9A /* CCGPUImageVertigoFilter.m */,
			);
			path = DefineFilter;
			sourceTree = "<group>";
		};
		DA838079A1095F42E8A7C830 /* Frameworks */ = {
			isa = PBXGroup;
			children = (
				8E8AEC4CBA3E95DE6FA1C73B /* libPods-MPCamera.a */,
				71B21CC3D9E5E8593BBE752C /* libPods-MPCameraTests.a */,
				2BF2B660C99F9EEBD087350F /* libPods-MPCameraUITests.a */,
			);
			name = Frameworks;
			sourceTree = "<group>";
		};
/* End PBXGroup section */

/* Begin PBXNativeTarget section */
		A2536A0723507FE90059E814 /* MPCamera */ = {
			isa = PBXNativeTarget;
			buildConfigurationList = A2536A3723507FE90059E814 /* Build configuration list for PBXNativeTarget "MPCamera" */;
			buildPhases = (
				4758C02C2AC6F3700E17A86B /* [CP] Check Pods Manifest.lock */,
				A2536A0423507FE90059E814 /* Sources */,
				A2536A0523507FE90059E814 /* Frameworks */,
				A2536A0623507FE90059E814 /* Resources */,
				456677B4D7258AAED08D0443 /* [CP] Copy Pods Resources */,
			);
			buildRules = (
			);
			dependencies = (
			);
			name = MPCamera;
			productName = MPCamera;
			productReference = A2536A0823507FE90059E814 /* MPCamera.app */;
			productType = "com.apple.product-type.application";
		};
		A2536A2223507FE90059E814 /* MPCameraTests */ = {
			isa = PBXNativeTarget;
			buildConfigurationList = A2536A3A23507FE90059E814 /* Build configuration list for PBXNativeTarget "MPCameraTests" */;
			buildPhases = (
				14EB8EE4CDAA0689223438BE /* [CP] Check Pods Manifest.lock */,
				A2536A1F23507FE90059E814 /* Sources */,
				A2536A2023507FE90059E814 /* Frameworks */,
				A2536A2123507FE90059E814 /* Resources */,
			);
			buildRules = (
			);
			dependencies = (
				A2536A2523507FE90059E814 /* PBXTargetDependency */,
			);
			name = MPCameraTests;
			productName = MPCameraTests;
			productReference = A2536A2323507FE90059E814 /* MPCameraTests.xctest */;
			productType = "com.apple.product-type.bundle.unit-test";
		};
		A2536A2D23507FE90059E814 /* MPCameraUITests */ = {
			isa = PBXNativeTarget;
			buildConfigurationList = A2536A3D23507FE90059E814 /* Build configuration list for PBXNativeTarget "MPCameraUITests" */;
			buildPhases = (
				B1E81D4973A6ADC48D165D0A /* [CP] Check Pods Manifest.lock */,
				A2536A2A23507FE90059E814 /* Sources */,
				A2536A2B23507FE90059E814 /* Frameworks */,
				A2536A2C23507FE90059E814 /* Resources */,
			);
			buildRules = (
			);
			dependencies = (
				A2536A3023507FE90059E814 /* PBXTargetDependency */,
			);
			name = MPCameraUITests;
			productName = MPCameraUITests;
			productReference = A2536A2E23507FE90059E814 /* MPCameraUITests.xctest */;
			productType = "com.apple.product-type.bundle.ui-testing";
		};
/* End PBXNativeTarget section */

/* Begin PBXProject section */
		A2536A0023507FE90059E814 /* Project object */ = {
			isa = PBXProject;
			attributes = {
				CLASSPREFIX = MP;
				LastUpgradeCheck = 1100;
				ORGANIZATIONNAME = "Beauty-ruanjian";
				TargetAttributes = {
					A2536A0723507FE90059E814 = {
						CreatedOnToolsVersion = 11.0;
					};
					A2536A2223507FE90059E814 = {
						CreatedOnToolsVersion = 11.0;
						TestTargetID = A2536A0723507FE90059E814;
					};
					A2536A2D23507FE90059E814 = {
						CreatedOnToolsVersion = 11.0;
						TestTargetID = A2536A0723507FE90059E814;
					};
				};
			};
			buildConfigurationList = A2536A0323507FE90059E814 /* Build configuration list for PBXProject "MPCamera" */;
			compatibilityVersion = "Xcode 9.3";
			developmentRegion = en;
			hasScannedForEncodings = 0;
			knownRegions = (
				en,
				Base,
			);
			mainGroup = A25369FF23507FE90059E814;
			productRefGroup = A2536A0923507FE90059E814 /* Products */;
			projectDirPath = "";
			projectRoot = "";
			targets = (
				A2536A0723507FE90059E814 /* MPCamera */,
				A2536A2223507FE90059E814 /* MPCameraTests */,
				A2536A2D23507FE90059E814 /* MPCameraUITests */,
			);
		};
/* End PBXProject section */

/* Begin PBXResourcesBuildPhase section */
		A2536A0623507FE90059E814 /* Resources */ = {
			isa = PBXResourcesBuildPhase;
			buildActionMask = 2147483647;
			files = (
				A2536A1B23507FE90059E814 /* LaunchScreen.storyboard in Resources */,
				A2536A4F2350865E0059E814 /* samperTeture2.jpg in Resources */,
				A2536A502350865E0059E814 /* samperTeture.jpg in Resources */,
				A2536A4D2350865E0059E814 /* DefineFilterMaterials.plist in Resources */,
				A2536A1823507FE90059E814 /* Assets.xcassets in Resources */,
				A2536A4E2350865E0059E814 /* DefaultFilterMaterials.plist in Resources */,
			);
			runOnlyForDeploymentPostprocessing = 0;
		};
		A2536A2123507FE90059E814 /* Resources */ = {
			isa = PBXResourcesBuildPhase;
			buildActionMask = 2147483647;
			files = (
			);
			runOnlyForDeploymentPostprocessing = 0;
		};
		A2536A2C23507FE90059E814 /* Resources */ = {
			isa = PBXResourcesBuildPhase;
			buildActionMask = 2147483647;
			files = (
			);
			runOnlyForDeploymentPostprocessing = 0;
		};
/* End PBXResourcesBuildPhase section */

/* Begin PBXShellScriptBuildPhase section */
		14EB8EE4CDAA0689223438BE /* [CP] Check Pods Manifest.lock */ = {
			isa = PBXShellScriptBuildPhase;
			buildActionMask = 2147483647;
			files = (
			);
			inputFileListPaths = (
			);
			inputPaths = (
				"${PODS_PODFILE_DIR_PATH}/Podfile.lock",
				"${PODS_ROOT}/Manifest.lock",
			);
			name = "[CP] Check Pods Manifest.lock";
			outputFileListPaths = (
			);
			outputPaths = (
				"$(DERIVED_FILE_DIR)/Pods-MPCameraTests-checkManifestLockResult.txt",
			);
			runOnlyForDeploymentPostprocessing = 0;
			shellPath = /bin/sh;
			shellScript = "diff \"${PODS_PODFILE_DIR_PATH}/Podfile.lock\" \"${PODS_ROOT}/Manifest.lock\" > /dev/null\nif [ $? != 0 ] ; then\n    # print error to STDERR\n    echo \"error: The sandbox is not in sync with the Podfile.lock. Run 'pod install' or update your CocoaPods installation.\" >&2\n    exit 1\nfi\n# This output is used by Xcode 'outputs' to avoid re-running this script phase.\necho \"SUCCESS\" > \"${SCRIPT_OUTPUT_FILE_0}\"\n";
			showEnvVarsInLog = 0;
		};
		456677B4D7258AAED08D0443 /* [CP] Copy Pods Resources */ = {
			isa = PBXShellScriptBuildPhase;
			buildActionMask = 2147483647;
			files = (
			);
			inputFileListPaths = (
			);
			inputPaths = (
				"${SRCROOT}/Pods/Target Support Files/Pods-MPCamera/Pods-MPCamera-resources.sh",
				"${PODS_ROOT}/GPUImage/framework/Resources/lookup.png",
				"${PODS_ROOT}/GPUImage/framework/Resources/lookup_amatorka.png",
				"${PODS_ROOT}/GPUImage/framework/Resources/lookup_miss_etikate.png",
				"${PODS_ROOT}/GPUImage/framework/Resources/lookup_soft_elegance_1.png",
				"${PODS_ROOT}/GPUImage/framework/Resources/lookup_soft_elegance_2.png",
			);
			name = "[CP] Copy Pods Resources";
			outputFileListPaths = (
			);
			outputPaths = (
				"${TARGET_BUILD_DIR}/${UNLOCALIZED_RESOURCES_FOLDER_PATH}/lookup.png",
				"${TARGET_BUILD_DIR}/${UNLOCALIZED_RESOURCES_FOLDER_PATH}/lookup_amatorka.png",
				"${TARGET_BUILD_DIR}/${UNLOCALIZED_RESOURCES_FOLDER_PATH}/lookup_miss_etikate.png",
				"${TARGET_BUILD_DIR}/${UNLOCALIZED_RESOURCES_FOLDER_PATH}/lookup_soft_elegance_1.png",
				"${TARGET_BUILD_DIR}/${UNLOCALIZED_RESOURCES_FOLDER_PATH}/lookup_soft_elegance_2.png",
			);
			runOnlyForDeploymentPostprocessing = 0;
			shellPath = /bin/sh;
			shellScript = "\"${SRCROOT}/Pods/Target Support Files/Pods-MPCamera/Pods-MPCamera-resources.sh\"\n";
			showEnvVarsInLog = 0;
		};
		4758C02C2AC6F3700E17A86B /* [CP] Check Pods Manifest.lock */ = {
			isa = PBXShellScriptBuildPhase;
			buildActionMask = 2147483647;
			files = (
			);
			inputFileListPaths = (
			);
			inputPaths = (
				"${PODS_PODFILE_DIR_PATH}/Podfile.lock",
				"${PODS_ROOT}/Manifest.lock",
			);
			name = "[CP] Check Pods Manifest.lock";
			outputFileListPaths = (
			);
			outputPaths = (
				"$(DERIVED_FILE_DIR)/Pods-MPCamera-checkManifestLockResult.txt",
			);
			runOnlyForDeploymentPostprocessing = 0;
			shellPath = /bin/sh;
			shellScript = "diff \"${PODS_PODFILE_DIR_PATH}/Podfile.lock\" \"${PODS_ROOT}/Manifest.lock\" > /dev/null\nif [ $? != 0 ] ; then\n    # print error to STDERR\n    echo \"error: The sandbox is not in sync with the Podfile.lock. Run 'pod install' or update your CocoaPods installation.\" >&2\n    exit 1\nfi\n# This output is used by Xcode 'outputs' to avoid re-running this script phase.\necho \"SUCCESS\" > \"${SCRIPT_OUTPUT_FILE_0}\"\n";
			showEnvVarsInLog = 0;
		};
		B1E81D4973A6ADC48D165D0A /* [CP] Check Pods Manifest.lock */ = {
			isa = PBXShellScriptBuildPhase;
			buildActionMask = 2147483647;
			files = (
			);
			inputFileListPaths = (
			);
			inputPaths = (
				"${PODS_PODFILE_DIR_PATH}/Podfile.lock",
				"${PODS_ROOT}/Manifest.lock",
			);
			name = "[CP] Check Pods Manifest.lock";
			outputFileListPaths = (
			);
			outputPaths = (
				"$(DERIVED_FILE_DIR)/Pods-MPCameraUITests-checkManifestLockResult.txt",
			);
			runOnlyForDeploymentPostprocessing = 0;
			shellPath = /bin/sh;
			shellScript = "diff \"${PODS_PODFILE_DIR_PATH}/Podfile.lock\" \"${PODS_ROOT}/Manifest.lock\" > /dev/null\nif [ $? != 0 ] ; then\n    # print error to STDERR\n    echo \"error: The sandbox is not in sync with the Podfile.lock. Run 'pod install' or update your CocoaPods installation.\" >&2\n    exit 1\nfi\n# This output is used by Xcode 'outputs' to avoid re-running this script phase.\necho \"SUCCESS\" > \"${SCRIPT_OUTPUT_FILE_0}\"\n";
			showEnvVarsInLog = 0;
		};
/* End PBXShellScriptBuildPhase section */

/* Begin PBXSourcesBuildPhase section */
		A2536A0423507FE90059E814 /* Sources */ = {
			isa = PBXSourcesBuildPhase;
			buildActionMask = 2147483647;
			files = (
				A272DCC923581E8F00E7DB9A /* CCGPUImageCirlceFilter.m in Sources */,
				A272DCD623581E8F00E7DB9A /* CCGPUImageTriangularMosaicFilter.m in Sources */,
				A26BCDED2351829F00395683 /* CCGPUImageMovieWriter.m in Sources */,
				A272DCD023581E8F00E7DB9A /* CCGPUImageShineWhiteFilter.m in Sources */,
				A272DCC723581E8F00E7DB9A /* CCGPUImageScaleFilter.m in Sources */,
				A26BCDE8235181B600395683 /* GPUImageMovieWriter+BugFix.m in Sources */,
				A272DCCB23581E8F00E7DB9A /* CCGPUImageMosaicFilter.m in Sources */,
				A2536A53235088AF0059E814 /* MPCameraViewController.m in Sources */,
				A2A2029C23571FCB00EAAC06 /* MPFilterBarView.m in Sources */,
				A272DCCF23581E8F00E7DB9A /* CCGPUImageSplitScreen9Filter.m in Sources */,
				A2A202962356E95100EAAC06 /* MPVideoResultViewController.m in Sources */,
				A272DC99235803D400E7DB9A /* MPFilterMaterialModel.m in Sources */,
				A26BCDE9235181B600395683 /* UIButton+Extention.m in Sources */,
				A272DCC823581E8F00E7DB9A /* CCGPUImageReversalFilter.m in Sources */,
				A233DACD2354136C005BB700 /* MPCapturingButton.m in Sources */,
				A272DCCD23581E8F00E7DB9A /* CCGPUImageSplitScreen4Filter.m in Sources */,
				A2536A0D23507FE90059E814 /* AppDelegate.m in Sources */,
				A2A202992356EA1100EAAC06 /* MPAssetHelper.m in Sources */,
				A24F614E23555D24001D3A50 /* MPCapturingModeSwitchView.m in Sources */,
				A2A202A523572AB200EAAC06 /* MPFilterCategoryCell.m in Sources */,
				A26BCDF02351A4D900395683 /* MPFilterHandler.m in Sources */,
				A272DCCA23581E8F00E7DB9A /* CCGPUImageSplitScreen2Filter.m in Sources */,
				A26BCDEA235181B600395683 /* UIView+Extention.m in Sources */,
				A272DCCC23581E8F00E7DB9A /* CCGPUImageSplitScreen3Filter.m in Sources */,
				A272DCCE23581E8F00E7DB9A /* CCGPUImageGlitchFilter.m in Sources */,
				A272DC9C23580EC300E7DB9A /* MPFilterManager.m in Sources */,
				A26BCDDA23517D6600395683 /* MPCameraManager.m in Sources */,
				A2A202A823572AEF00EAAC06 /* MPFilterMaterialViewCell.m in Sources */,
				A2536A1E23507FE90059E814 /* main.m in Sources */,
				A26BCDE7235181B600395683 /* UIDevice+Extention.m in Sources */,
				A272DCD523581E8F00E7DB9A /* CCGPUImageLightFilter.m in Sources */,
				A272DCD723581E8F00E7DB9A /* CCGPUImageHexagonMosaicFilter.m in Sources */,
				A233DAD023541756005BB700 /* MPPhotoResultViewController.m in Sources */,
				A272DCD223581E8F00E7DB9A /* CCGPUImageVertigoFilter.m in Sources */,
				A24F6151235566CE001D3A50 /* MPCamerVideoTimeLabel.m in Sources */,
				A24BD7CF2356B79B00D8F4D4 /* MPFileHelper.m in Sources */,
				A272DCD423581E8F00E7DB9A /* CCGPUImageShakeFilter.m in Sources */,
				A272DCC623581E8F00E7DB9A /* CCGPUImageSplitScreen6Filter.m in Sources */,
				A272DCA123581D8F00E7DB9A /* MPGPUUIImageBaseFilter.m in Sources */,
				A272DCD123581E8F00E7DB9A /* CCGPUImageSoulOutFilter.m in Sources */,
				A233DAD323544FD0005BB700 /* MPCameraTopView.m in Sources */,
				A2A202A22357233C00EAAC06 /* MPFilterMaterialView.m in Sources */,
				A24F615423557583001D3A50 /* MPVideoModel.m in Sources */,
				A272DCD323581E8F00E7DB9A /* CCGPUImageGrayFilter.m in Sources */,
				A2536A1023507FE90059E814 /* SceneDelegate.m in Sources */,
				A2A2029F2357231C00EAAC06 /* MPFilterCategoryView.m in Sources */,
			);
			runOnlyForDeploymentPostprocessing = 0;
		};
		A2536A1F23507FE90059E814 /* Sources */ = {
			isa = PBXSourcesBuildPhase;
			buildActionMask = 2147483647;
			files = (
				A2536A2823507FE90059E814 /* MPCameraTests.m in Sources */,
			);
			runOnlyForDeploymentPostprocessing = 0;
		};
		A2536A2A23507FE90059E814 /* Sources */ = {
			isa = PBXSourcesBuildPhase;
			buildActionMask = 2147483647;
			files = (
				A2536A3323507FE90059E814 /* MPCameraUITests.m in Sources */,
			);
			runOnlyForDeploymentPostprocessing = 0;
		};
/* End PBXSourcesBuildPhase section */

/* Begin PBXTargetDependency section */
		A2536A2523507FE90059E814 /* PBXTargetDependency */ = {
			isa = PBXTargetDependency;
			target = A2536A0723507FE90059E814 /* MPCamera */;
			targetProxy = A2536A2423507FE90059E814 /* PBXContainerItemProxy */;
		};
		A2536A3023507FE90059E814 /* PBXTargetDependency */ = {
			isa = PBXTargetDependency;
			target = A2536A0723507FE90059E814 /* MPCamera */;
			targetProxy = A2536A2F23507FE90059E814 /* PBXContainerItemProxy */;
		};
/* End PBXTargetDependency section */

/* Begin PBXVariantGroup section */
		A2536A1923507FE90059E814 /* LaunchScreen.storyboard */ = {
			isa = PBXVariantGroup;
			children = (
				A2536A1A23507FE90059E814 /* Base */,
			);
			name = LaunchScreen.storyboard;
			sourceTree = "<group>";
		};
/* End PBXVariantGroup section */

/* Begin XCBuildConfiguration section */
		A2536A3523507FE90059E814 /* Debug */ = {
			isa = XCBuildConfiguration;
			buildSettings = {
				ALWAYS_SEARCH_USER_PATHS = NO;
				CLANG_ANALYZER_NONNULL = YES;
				CLANG_ANALYZER_NUMBER_OBJECT_CONVERSION = YES_AGGRESSIVE;
				CLANG_CXX_LANGUAGE_STANDARD = "gnu++14";
				CLANG_CXX_LIBRARY = "libc++";
				CLANG_ENABLE_MODULES = YES;
				CLANG_ENABLE_OBJC_ARC = YES;
				CLANG_ENABLE_OBJC_WEAK = YES;
				CLANG_WARN_BLOCK_CAPTURE_AUTORELEASING = YES;
				CLANG_WARN_BOOL_CONVERSION = YES;
				CLANG_WARN_COMMA = YES;
				CLANG_WARN_CONSTANT_CONVERSION = YES;
				CLANG_WARN_DEPRECATED_OBJC_IMPLEMENTATIONS = YES;
				CLANG_WARN_DIRECT_OBJC_ISA_USAGE = YES_ERROR;
				CLANG_WARN_DOCUMENTATION_COMMENTS = YES;
				CLANG_WARN_EMPTY_BODY = YES;
				CLANG_WARN_ENUM_CONVERSION = YES;
				CLANG_WARN_INFINITE_RECURSION = YES;
				CLANG_WARN_INT_CONVERSION = YES;
				CLANG_WARN_NON_LITERAL_NULL_CONVERSION = YES;
				CLANG_WARN_OBJC_IMPLICIT_RETAIN_SELF = YES;
				CLANG_WARN_OBJC_LITERAL_CONVERSION = YES;
				CLANG_WARN_OBJC_ROOT_CLASS = YES_ERROR;
				CLANG_WARN_RANGE_LOOP_ANALYSIS = YES;
				CLANG_WARN_STRICT_PROTOTYPES = YES;
				CLANG_WARN_SUSPICIOUS_MOVE = YES;
				CLANG_WARN_UNGUARDED_AVAILABILITY = YES_AGGRESSIVE;
				CLANG_WARN_UNREACHABLE_CODE = YES;
				CLANG_WARN__DUPLICATE_METHOD_MATCH = YES;
				COPY_PHASE_STRIP = NO;
				DEBUG_INFORMATION_FORMAT = dwarf;
				ENABLE_STRICT_OBJC_MSGSEND = YES;
				ENABLE_TESTABILITY = YES;
				GCC_C_LANGUAGE_STANDARD = gnu11;
				GCC_DYNAMIC_NO_PIC = NO;
				GCC_NO_COMMON_BLOCKS = YES;
				GCC_OPTIMIZATION_LEVEL = 0;
				GCC_PREFIX_HEADER = "$(SRCROOT)/MPCamera/Other/PrefixHeader.pch";
				GCC_PREPROCESSOR_DEFINITIONS = (
					"DEBUG=1",
					"$(inherited)",
				);
				GCC_WARN_64_TO_32_BIT_CONVERSION = YES;
				GCC_WARN_ABOUT_RETURN_TYPE = YES_ERROR;
				GCC_WARN_UNDECLARED_SELECTOR = YES;
				GCC_WARN_UNINITIALIZED_AUTOS = YES_AGGRESSIVE;
				GCC_WARN_UNUSED_FUNCTION = YES;
				GCC_WARN_UNUSED_VARIABLE = YES;
				IPHONEOS_DEPLOYMENT_TARGET = 13.0;
				MTL_ENABLE_DEBUG_INFO = INCLUDE_SOURCE;
				MTL_FAST_MATH = YES;
				ONLY_ACTIVE_ARCH = YES;
				SDKROOT = iphoneos;
			};
			name = Debug;
		};
		A2536A3623507FE90059E814 /* Release */ = {
			isa = XCBuildConfiguration;
			buildSettings = {
				ALWAYS_SEARCH_USER_PATHS = NO;
				CLANG_ANALYZER_NONNULL = YES;
				CLANG_ANALYZER_NUMBER_OBJECT_CONVERSION = YES_AGGRESSIVE;
				CLANG_CXX_LANGUAGE_STANDARD = "gnu++14";
				CLANG_CXX_LIBRARY = "libc++";
				CLANG_ENABLE_MODULES = YES;
				CLANG_ENABLE_OBJC_ARC = YES;
				CLANG_ENABLE_OBJC_WEAK = YES;
				CLANG_WARN_BLOCK_CAPTURE_AUTORELEASING = YES;
				CLANG_WARN_BOOL_CONVERSION = YES;
				CLANG_WARN_COMMA = YES;
				CLANG_WARN_CONSTANT_CONVERSION = YES;
				CLANG_WARN_DEPRECATED_OBJC_IMPLEMENTATIONS = YES;
				CLANG_WARN_DIRECT_OBJC_ISA_USAGE = YES_ERROR;
				CLANG_WARN_DOCUMENTATION_COMMENTS = YES;
				CLANG_WARN_EMPTY_BODY = YES;
				CLANG_WARN_ENUM_CONVERSION = YES;
				CLANG_WARN_INFINITE_RECURSION = YES;
				CLANG_WARN_INT_CONVERSION = YES;
				CLANG_WARN_NON_LITERAL_NULL_CONVERSION = YES;
				CLANG_WARN_OBJC_IMPLICIT_RETAIN_SELF = YES;
				CLANG_WARN_OBJC_LITERAL_CONVERSION = YES;
				CLANG_WARN_OBJC_ROOT_CLASS = YES_ERROR;
				CLANG_WARN_RANGE_LOOP_ANALYSIS = YES;
				CLANG_WARN_STRICT_PROTOTYPES = YES;
				CLANG_WARN_SUSPICIOUS_MOVE = YES;
				CLANG_WARN_UNGUARDED_AVAILABILITY = YES_AGGRESSIVE;
				CLANG_WARN_UNREACHABLE_CODE = YES;
				CLANG_WARN__DUPLICATE_METHOD_MATCH = YES;
				COPY_PHASE_STRIP = NO;
				DEBUG_INFORMATION_FORMAT = "dwarf-with-dsym";
				ENABLE_NS_ASSERTIONS = NO;
				ENABLE_STRICT_OBJC_MSGSEND = YES;
				GCC_C_LANGUAGE_STANDARD = gnu11;
				GCC_NO_COMMON_BLOCKS = YES;
				GCC_PREFIX_HEADER = "$(SRCROOT)/MPCamera/Other/PrefixHeader.pch";
				GCC_WARN_64_TO_32_BIT_CONVERSION = YES;
				GCC_WARN_ABOUT_RETURN_TYPE = YES_ERROR;
				GCC_WARN_UNDECLARED_SELECTOR = YES;
				GCC_WARN_UNINITIALIZED_AUTOS = YES_AGGRESSIVE;
				GCC_WARN_UNUSED_FUNCTION = YES;
				GCC_WARN_UNUSED_VARIABLE = YES;
				IPHONEOS_DEPLOYMENT_TARGET = 13.0;
				MTL_ENABLE_DEBUG_INFO = NO;
				MTL_FAST_MATH = YES;
				SDKROOT = iphoneos;
				VALIDATE_PRODUCT = YES;
			};
			name = Release;
		};
		A2536A3823507FE90059E814 /* Debug */ = {
			isa = XCBuildConfiguration;
			baseConfigurationReference = 4AF447B4E94F196D0DB1F346 /* Pods-MPCamera.debug.xcconfig */;
			buildSettings = {
				ASSETCATALOG_COMPILER_APPICON_NAME = AppIcon;
				CODE_SIGN_STYLE = Automatic;
				DEVELOPMENT_TEAM = G583SJY324;
				INFOPLIST_FILE = MPCamera/Info.plist;
				IPHONEOS_DEPLOYMENT_TARGET = 9.0;
				LD_RUNPATH_SEARCH_PATHS = (
					"$(inherited)",
					"@executable_path/Frameworks",
				);
				PRODUCT_BUNDLE_IDENTIFIER = com.maple.mpcamera;
				PRODUCT_NAME = "$(TARGET_NAME)";
				TARGETED_DEVICE_FAMILY = "1,2";
			};
			name = Debug;
		};
		A2536A3923507FE90059E814 /* Release */ = {
			isa = XCBuildConfiguration;
			baseConfigurationReference = C4733666AE08CD73641E8CA1 /* Pods-MPCamera.release.xcconfig */;
			buildSettings = {
				ASSETCATALOG_COMPILER_APPICON_NAME = AppIcon;
				CODE_SIGN_STYLE = Automatic;
				DEVELOPMENT_TEAM = G583SJY324;
				INFOPLIST_FILE = MPCamera/Info.plist;
				IPHONEOS_DEPLOYMENT_TARGET = 9.0;
				LD_RUNPATH_SEARCH_PATHS = (
					"$(inherited)",
					"@executable_path/Frameworks",
				);
				PRODUCT_BUNDLE_IDENTIFIER = com.maple.mpcamera;
				PRODUCT_NAME = "$(TARGET_NAME)";
				TARGETED_DEVICE_FAMILY = "1,2";
			};
			name = Release;
		};
		A2536A3B23507FE90059E814 /* Debug */ = {
			isa = XCBuildConfiguration;
			baseConfigurationReference = AAB953234B5EAF795ABCFAD8 /* Pods-MPCameraTests.debug.xcconfig */;
			buildSettings = {
				BUNDLE_LOADER = "$(TEST_HOST)";
				CODE_SIGN_STYLE = Automatic;
				DEVELOPMENT_TEAM = G583SJY324;
				INFOPLIST_FILE = MPCameraTests/Info.plist;
				IPHONEOS_DEPLOYMENT_TARGET = 13.0;
				LD_RUNPATH_SEARCH_PATHS = (
					"$(inherited)",
					"@executable_path/Frameworks",
					"@loader_path/Frameworks",
				);
				PRODUCT_BUNDLE_IDENTIFIER = Maple.MPCameraTests;
				PRODUCT_NAME = "$(TARGET_NAME)";
				TARGETED_DEVICE_FAMILY = "1,2";
				TEST_HOST = "$(BUILT_PRODUCTS_DIR)/MPCamera.app/MPCamera";
			};
			name = Debug;
		};
		A2536A3C23507FE90059E814 /* Release */ = {
			isa = XCBuildConfiguration;
			baseConfigurationReference = E6AE1D869C71CC8F2C778EF4 /* Pods-MPCameraTests.release.xcconfig */;
			buildSettings = {
				BUNDLE_LOADER = "$(TEST_HOST)";
				CODE_SIGN_STYLE = Automatic;
				DEVELOPMENT_TEAM = G583SJY324;
				INFOPLIST_FILE = MPCameraTests/Info.plist;
				IPHONEOS_DEPLOYMENT_TARGET = 13.0;
				LD_RUNPATH_SEARCH_PATHS = (
					"$(inherited)",
					"@executable_path/Frameworks",
					"@loader_path/Frameworks",
				);
				PRODUCT_BUNDLE_IDENTIFIER = Maple.MPCameraTests;
				PRODUCT_NAME = "$(TARGET_NAME)";
				TARGETED_DEVICE_FAMILY = "1,2";
				TEST_HOST = "$(BUILT_PRODUCTS_DIR)/MPCamera.app/MPCamera";
			};
			name = Release;
		};
		A2536A3E23507FE90059E814 /* Debug */ = {
			isa = XCBuildConfiguration;
			baseConfigurationReference = 487B20B52312B729D525EB7B /* Pods-MPCameraUITests.debug.xcconfig */;
			buildSettings = {
				CODE_SIGN_STYLE = Automatic;
				DEVELOPMENT_TEAM = G583SJY324;
				INFOPLIST_FILE = MPCameraUITests/Info.plist;
				LD_RUNPATH_SEARCH_PATHS = (
					"$(inherited)",
					"@executable_path/Frameworks",
					"@loader_path/Frameworks",
				);
				PRODUCT_BUNDLE_IDENTIFIER = Maple.MPCameraUITests;
				PRODUCT_NAME = "$(TARGET_NAME)";
				TARGETED_DEVICE_FAMILY = "1,2";
				TEST_TARGET_NAME = MPCamera;
			};
			name = Debug;
		};
		A2536A3F23507FE90059E814 /* Release */ = {
			isa = XCBuildConfiguration;
			baseConfigurationReference = 5B0704716D1284D517EDCDB0 /* Pods-MPCameraUITests.release.xcconfig */;
			buildSettings = {
				CODE_SIGN_STYLE = Automatic;
				DEVELOPMENT_TEAM = G583SJY324;
				INFOPLIST_FILE = MPCameraUITests/Info.plist;
				LD_RUNPATH_SEARCH_PATHS = (
					"$(inherited)",
					"@executable_path/Frameworks",
					"@loader_path/Frameworks",
				);
				PRODUCT_BUNDLE_IDENTIFIER = Maple.MPCameraUITests;
				PRODUCT_NAME = "$(TARGET_NAME)";
				TARGETED_DEVICE_FAMILY = "1,2";
				TEST_TARGET_NAME = MPCamera;
			};
			name = Release;
		};
/* End XCBuildConfiguration section */

/* Begin XCConfigurationList section */
		A2536A0323507FE90059E814 /* Build configuration list for PBXProject "MPCamera" */ = {
			isa = XCConfigurationList;
			buildConfigurations = (
				A2536A3523507FE90059E814 /* Debug */,
				A2536A3623507FE90059E814 /* Release */,
			);
			defaultConfigurationIsVisible = 0;
			defaultConfigurationName = Release;
		};
		A2536A3723507FE90059E814 /* Build configuration list for PBXNativeTarget "MPCamera" */ = {
			isa = XCConfigurationList;
			buildConfigurations = (
				A2536A3823507FE90059E814 /* Debug */,
				A2536A3923507FE90059E814 /* Release */,
			);
			defaultConfigurationIsVisible = 0;
			defaultConfigurationName = Release;
		};
		A2536A3A23507FE90059E814 /* Build configuration list for PBXNativeTarget "MPCameraTests" */ = {
			isa = XCConfigurationList;
			buildConfigurations = (
				A2536A3B23507FE90059E814 /* Debug */,
				A2536A3C23507FE90059E814 /* Release */,
			);
			defaultConfigurationIsVisible = 0;
			defaultConfigurationName = Release;
		};
		A2536A3D23507FE90059E814 /* Build configuration list for PBXNativeTarget "MPCameraUITests" */ = {
			isa = XCConfigurationList;
			buildConfigurations = (
				A2536A3E23507FE90059E814 /* Debug */,
				A2536A3F23507FE90059E814 /* Release */,
			);
			defaultConfigurationIsVisible = 0;
			defaultConfigurationName = Release;
		};
/* End XCConfigurationList section */
	};
	rootObject = A2536A0023507FE90059E814 /* Project object */;
}
